// !$*UTF8*$!
{
	archiveVersion = 1;
	classes = {
	};
	objectVersion = 46;
	objects = {

/* Begin PBXBuildFile section */
		1B2CB2111CE9CB2000BE0818 /* main.cpp in Sources */ = {isa = PBXBuildFile; fileRef = 1B2CB2101CE9CB2000BE0818 /* main.cpp */; };
		1B374F951CEB33F1005D2614 /* take_image.cpp in Sources */ = {isa = PBXBuildFile; fileRef = 1B374F931CEB33F1005D2614 /* take_image.cpp */; };
		1B7C98FF1D1C67FE00BDA4D1 /* libaruco.1.3.0.dylib in Frameworks */ = {isa = PBXBuildFile; fileRef = 1B7C98FE1D1C67FE00BDA4D1 /* libaruco.1.3.0.dylib */; };
/* End PBXBuildFile section */

/* Begin PBXCopyFilesBuildPhase section */
		1B2CB20B1CE9CB2000BE0818 /* CopyFiles */ = {
			isa = PBXCopyFilesBuildPhase;
			buildActionMask = 2147483647;
			dstPath = /usr/share/man/man1/;
			dstSubfolderSpec = 0;
			files = (
			);
			runOnlyForDeploymentPostprocessing = 1;
		};
/* End PBXCopyFilesBuildPhase section */

/* Begin PBXFileReference section */
		1B2CB20D1CE9CB2000BE0818 /* camera_calibration */ = {isa = PBXFileReference; explicitFileType = "compiled.mach-o.executable"; includeInIndex = 0; path = camera_calibration; sourceTree = BUILT_PRODUCTS_DIR; };
		1B2CB2101CE9CB2000BE0818 /* main.cpp */ = {isa = PBXFileReference; lastKnownFileType = sourcecode.cpp.cpp; path = main.cpp; sourceTree = "<group>"; };
		1B2CB2191CE9D57000BE0818 /* include */ = {isa = PBXFileReference; lastKnownFileType = folder; path = include; sourceTree = "<group>"; };
		1B374F931CEB33F1005D2614 /* take_image.cpp */ = {isa = PBXFileReference; fileEncoding = 4; lastKnownFileType = sourcecode.cpp.cpp; path = take_image.cpp; sourceTree = "<group>"; };
		1B7C98FE1D1C67FE00BDA4D1 /* libaruco.1.3.0.dylib */ = {isa = PBXFileReference; lastKnownFileType = "compiled.mach-o.dylib"; name = libaruco.1.3.0.dylib; path = ../../../../../../../usr/local/lib/libaruco.1.3.0.dylib; sourceTree = "<group>"; };
/* End PBXFileReference section */

/* Begin PBXFrameworksBuildPhase section */
		1B2CB20A1CE9CB2000BE0818 /* Frameworks */ = {
			isa = PBXFrameworksBuildPhase;
			buildActionMask = 2147483647;
			files = (
				1B7C98FF1D1C67FE00BDA4D1 /* libaruco.1.3.0.dylib in Frameworks */,
			);
			runOnlyForDeploymentPostprocessing = 0;
		};
/* End PBXFrameworksBuildPhase section */

/* Begin PBXGroup section */
		1B2CB2041CE9CB2000BE0818 = {
			isa = PBXGroup;
			children = (
				1B7C98FE1D1C67FE00BDA4D1 /* libaruco.1.3.0.dylib */,
				1B2CB2191CE9D57000BE0818 /* include */,
				1B2CB20F1CE9CB2000BE0818 /* camera_calibration */,
				1B2CB20E1CE9CB2000BE0818 /* Products */,
			);
			sourceTree = "<group>";
		};
		1B2CB20E1CE9CB2000BE0818 /* Products */ = {
			isa = PBXGroup;
			children = (
				1B2CB20D1CE9CB2000BE0818 /* camera_calibration */,
			);
			name = Products;
			sourceTree = "<group>";
		};
		1B2CB20F1CE9CB2000BE0818 /* camera_calibration */ = {
			isa = PBXGroup;
			children = (
				1B2CB2101CE9CB2000BE0818 /* main.cpp */,
				1B374F931CEB33F1005D2614 /* take_image.cpp */,
			);
			path = camera_calibration;
			sourceTree = "<group>";
		};
/* End PBXGroup section */

/* Begin PBXNativeTarget section */
		1B2CB20C1CE9CB2000BE0818 /* camera_calibration */ = {
			isa = PBXNativeTarget;
			buildConfigurationList = 1B2CB2141CE9CB2000BE0818 /* Build configuration list for PBXNativeTarget "camera_calibration" */;
			buildPhases = (
				1B2CB2091CE9CB2000BE0818 /* Sources */,
				1B2CB20A1CE9CB2000BE0818 /* Frameworks */,
				1B2CB20B1CE9CB2000BE0818 /* CopyFiles */,
			);
			buildRules = (
			);
			dependencies = (
			);
			name = camera_calibration;
			productName = camera_calibration;
			productReference = 1B2CB20D1CE9CB2000BE0818 /* camera_calibration */;
			productType = "com.apple.product-type.tool";
		};
/* End PBXNativeTarget section */

/* Begin PBXProject section */
		1B2CB2051CE9CB2000BE0818 /* Project object */ = {
			isa = PBXProject;
			attributes = {
				LastUpgradeCheck = 0730;
				ORGANIZATIONNAME = "Niko Vertovec";
				TargetAttributes = {
					1B2CB20C1CE9CB2000BE0818 = {
						CreatedOnToolsVersion = 7.3.1;
					};
				};
			};
			buildConfigurationList = 1B2CB2081CE9CB2000BE0818 /* Build configuration list for PBXProject "camera_calibration" */;
			compatibilityVersion = "Xcode 3.2";
			developmentRegion = English;
			hasScannedForEncodings = 0;
			knownRegions = (
				en,
			);
			mainGroup = 1B2CB2041CE9CB2000BE0818;
			productRefGroup = 1B2CB20E1CE9CB2000BE0818 /* Products */;
			projectDirPath = "";
			projectRoot = "";
			targets = (
				1B2CB20C1CE9CB2000BE0818 /* camera_calibration */,
			);
		};
/* End PBXProject section */

/* Begin PBXSourcesBuildPhase section */
		1B2CB2091CE9CB2000BE0818 /* Sources */ = {
			isa = PBXSourcesBuildPhase;
			buildActionMask = 2147483647;
			files = (
				1B374F951CEB33F1005D2614 /* take_image.cpp in Sources */,
				1B2CB2111CE9CB2000BE0818 /* main.cpp in Sources */,
			);
			runOnlyForDeploymentPostprocessing = 0;
		};
/* End PBXSourcesBuildPhase section */

/* Begin XCBuildConfiguration section */
		1B2CB2121CE9CB2000BE0818 /* Debug */ = {
			isa = XCBuildConfiguration;
			buildSettings = {
				ALWAYS_SEARCH_USER_PATHS = NO;
				CLANG_ANALYZER_NONNULL = YES;
				CLANG_CXX_LANGUAGE_STANDARD = "gnu++0x";
				CLANG_CXX_LIBRARY = "libc++";
				CLANG_ENABLE_MODULES = YES;
				CLANG_ENABLE_OBJC_ARC = YES;
				CLANG_WARN_BOOL_CONVERSION = YES;
				CLANG_WARN_CONSTANT_CONVERSION = YES;
				CLANG_WARN_DIRECT_OBJC_ISA_USAGE = YES_ERROR;
				CLANG_WARN_EMPTY_BODY = YES;
				CLANG_WARN_ENUM_CONVERSION = YES;
				CLANG_WARN_INT_CONVERSION = YES;
				CLANG_WARN_OBJC_ROOT_CLASS = YES_ERROR;
				CLANG_WARN_UNREACHABLE_CODE = YES;
				CLANG_WARN__DUPLICATE_METHOD_MATCH = YES;
				CODE_SIGN_IDENTITY = "-";
				COPY_PHASE_STRIP = NO;
				DEBUG_INFORMATION_FORMAT = dwarf;
				ENABLE_STRICT_OBJC_MSGSEND = YES;
				ENABLE_TESTABILITY = YES;
				GCC_C_LANGUAGE_STANDARD = gnu99;
				GCC_DYNAMIC_NO_PIC = NO;
				GCC_NO_COMMON_BLOCKS = YES;
				GCC_OPTIMIZATION_LEVEL = 0;
				GCC_PREPROCESSOR_DEFINITIONS = (
					"DEBUG=1",
					"$(inherited)",
				);
				GCC_WARN_64_TO_32_BIT_CONVERSION = YES;
				GCC_WARN_ABOUT_RETURN_TYPE = YES_ERROR;
				GCC_WARN_UNDECLARED_SELECTOR = YES;
				GCC_WARN_UNINITIALIZED_AUTOS = YES_AGGRESSIVE;
				GCC_WARN_UNUSED_FUNCTION = YES;
				GCC_WARN_UNUSED_VARIABLE = YES;
				MACOSX_DEPLOYMENT_TARGET = 10.11;
				MTL_ENABLE_DEBUG_INFO = YES;
				ONLY_ACTIVE_ARCH = YES;
				SDKROOT = macosx;
			};
			name = Debug;
		};
		1B2CB2131CE9CB2000BE0818 /* Release */ = {
			isa = XCBuildConfiguration;
			buildSettings = {
				ALWAYS_SEARCH_USER_PATHS = NO;
				CLANG_ANALYZER_NONNULL = YES;
				CLANG_CXX_LANGUAGE_STANDARD = "gnu++0x";
				CLANG_CXX_LIBRARY = "libc++";
				CLANG_ENABLE_MODULES = YES;
				CLANG_ENABLE_OBJC_ARC = YES;
				CLANG_WARN_BOOL_CONVERSION = YES;
				CLANG_WARN_CONSTANT_CONVERSION = YES;
				CLANG_WARN_DIRECT_OBJC_ISA_USAGE = YES_ERROR;
				CLANG_WARN_EMPTY_BODY = YES;
				CLANG_WARN_ENUM_CONVERSION = YES;
				CLANG_WARN_INT_CONVERSION = YES;
				CLANG_WARN_OBJC_ROOT_CLASS = YES_ERROR;
				CLANG_WARN_UNREACHABLE_CODE = YES;
				CLANG_WARN__DUPLICATE_METHOD_MATCH = YES;
				CODE_SIGN_IDENTITY = "-";
				COPY_PHASE_STRIP = NO;
				DEBUG_INFORMATION_FORMAT = "dwarf-with-dsym";
				ENABLE_NS_ASSERTIONS = NO;
				ENABLE_STRICT_OBJC_MSGSEND = YES;
				GCC_C_LANGUAGE_STANDARD = gnu99;
				GCC_NO_COMMON_BLOCKS = YES;
				GCC_WARN_64_TO_32_BIT_CONVERSION = YES;
				GCC_WARN_ABOUT_RETURN_TYPE = YES_ERROR;
				GCC_WARN_UNDECLARED_SELECTOR = YES;
				GCC_WARN_UNINITIALIZED_AUTOS = YES_AGGRESSIVE;
				GCC_WARN_UNUSED_FUNCTION = YES;
				GCC_WARN_UNUSED_VARIABLE = YES;
				MACOSX_DEPLOYMENT_TARGET = 10.11;
				MTL_ENABLE_DEBUG_INFO = NO;
				SDKROOT = macosx;
			};
			name = Release;
		};
		1B2CB2151CE9CB2000BE0818 /* Debug */ = {
			isa = XCBuildConfiguration;
			buildSettings = {
				HEADER_SEARCH_PATHS = (
					"/Users/nikovertovec/Documents/OpenCv/aruco-1.3.0/src",
					/usr/local/include,
				);
				LIBRARY_SEARCH_PATHS = "/usr/local/lib ";
				OTHER_LDFLAGS = (
					"-lopencv_calib3d",
					"-lopencv_core",
					"-lopencv_features2d",
					"-lopencv_flann",
					"-lopencv_highgui",
					"-lopencv_imgcodecs",
					"-lopencv_imgproc",
					"-lopencv_ml",
					"-lopencv_objdetect",
					"-lopencv_photo",
					"-lopencv_shape",
					"-lopencv_stitching",
					"-lopencv_superres",
					"-lopencv_ts",
					"-lopencv_video",
					"-lopencv_videoio",
					"-lopencv_videostab",
				);
				PRODUCT_NAME = "$(TARGET_NAME)";
			};
			name = Debug;
		};
		1B2CB2161CE9CB2000BE0818 /* Release */ = {
			isa = XCBuildConfiguration;
			buildSettings = {
				HEADER_SEARCH_PATHS = (
					"/Users/nikovertovec/Documents/OpenCv/aruco-1.3.0/src",
					/usr/local/include,
				);
				LIBRARY_SEARCH_PATHS = "/usr/local/lib ";
				OTHER_LDFLAGS = (
					"-lopencv_calib3d",
					"-lopencv_core",
					"-lopencv_features2d",
					"-lopencv_flann",
					"-lopencv_highgui",
					"-lopencv_imgcodecs",
					"-lopencv_imgproc",
					"-lopencv_ml",
					"-lopencv_objdetect",
					"-lopencv_photo",
					"-lopencv_shape",
					"-lopencv_stitching",
					"-lopencv_superres",
					"-lopencv_ts",
					"-lopencv_video",
					"-lopencv_videoio",
					"-lopencv_videostab",
				);
				PRODUCT_NAME = "$(TARGET_NAME)";
			};
			name = Release;
		};
/* End XCBuildConfiguration section */

/* Begin XCConfigurationList section */
		1B2CB2081CE9CB2000BE0818 /* Build configuration list for PBXProject "camera_calibration" */ = {
			isa = XCConfigurationList;
			buildConfigurations = (
				1B2CB2121CE9CB2000BE0818 /* Debug */,
				1B2CB2131CE9CB2000BE0818 /* Release */,
			);
			defaultConfigurationIsVisible = 0;
			defaultConfigurationName = Release;
		};
		1B2CB2141CE9CB2000BE0818 /* Build configuration list for PBXNativeTarget "camera_calibration" */ = {
			isa = XCConfigurationList;
			buildConfigurations = (
				1B2CB2151CE9CB2000BE0818 /* Debug */,
				1B2CB2161CE9CB2000BE0818 /* Release */,
			);
			defaultConfigurationIsVisible = 0;
			defaultConfigurationName = Release;
		};
/* End XCConfigurationList section */
	};
	rootObject = 1B2CB2051CE9CB2000BE0818 /* Project object */;
}
